schema: '2.0'
stages:
  prepare:
    cmd: python -m src.data.data_splitting
    deps:
    - path: data/raw_data
      hash: md5
      md5: a64646b88d471b1007635523cbc61dde.dir
      size: 333854
      nfiles: 3
    - path: src/data/data_splitting.py
      hash: md5
      md5: 2c0a3dd468643a7dcfee2a90e5603e49
      size: 2116
    outs:
    - path: data/processed
      hash: md5
      md5: ea5e20a3ece6ba76477bdc8f954ad90b.dir
      size: 294499
      nfiles: 4
  split:
    cmd: python -m src.data.data_splitting
    deps:
    - path: data/raw_data/raw.csv
      hash: md5
      md5: 617b56af2992376d5c3e91ad80823898
      size: 333757
    - path: src/data/data_splitting.py
      hash: md5
      md5: b8d2641c46d123253c3bf6c5aefb6875
      size: 2134
    outs:
    - path: data/processed/X_test.csv
      hash: md5
      md5: d3be1be617366bc81a9254f075039b51
      size: 78770
    - path: data/processed/X_train.csv
      hash: md5
      md5: 38e9f56c92d20ee33257e3918c901e7e
      size: 183322
    - path: data/processed/y_test.csv
      hash: md5
      md5: e064ea83fe860a49b9e9cfab1e8ec5a7
      size: 9697
    - path: data/processed/y_train.csv
      hash: md5
      md5: 4f1097f0b9053f0a94904c047541877f
      size: 22710
  normalize:
    cmd: python -m src.data.data_normalization
    deps:
    - path: data/processed/X_test.csv
      hash: md5
      md5: d3be1be617366bc81a9254f075039b51
      size: 78770
    - path: data/processed/X_train.csv
      hash: md5
      md5: 38e9f56c92d20ee33257e3918c901e7e
      size: 183322
    - path: src/data/data_normalization.py
      hash: md5
      md5: 1bc4d80fd3948027e74d00457e652e24
      size: 2476
    outs:
    - path: data/processed/X_test_scaled.csv
      hash: md5
      md5: 306bd5551feb5a1852b9969b57e740a8
      size: 85437
    - path: data/processed/X_train_scaled.csv
      hash: md5
      md5: 41c0d8ca5d92b44b00b18db4d7d6db9d
      size: 198675
  gridsearch:
    cmd: python -m src.models.model_grid_search
    deps:
    - path: data/processed/X_train_scaled.csv
      hash: md5
      md5: 41c0d8ca5d92b44b00b18db4d7d6db9d
      size: 198675
    - path: data/processed/y_train.csv
      hash: md5
      md5: 4f1097f0b9053f0a94904c047541877f
      size: 22710
    - path: src/models/model_grid_search.py
      hash: md5
      md5: c96525880c2b15bb78b651a96825ee04
      size: 4857
    outs:
    - path: models/best_params.pkl
      hash: md5
      md5: db26205ae5f2adfa9d07068abcb136b9
      size: 47
  training:
    cmd: python -m src.models.model_train
    deps:
    - path: data/processed/X_train_scaled.csv
      hash: md5
      md5: 41c0d8ca5d92b44b00b18db4d7d6db9d
      size: 198675
    - path: data/processed/y_train.csv
      hash: md5
      md5: 4f1097f0b9053f0a94904c047541877f
      size: 22710
    - path: models/best_params.pkl
      hash: md5
      md5: db26205ae5f2adfa9d07068abcb136b9
      size: 47
    - path: src/models/model_train.py
      hash: md5
      md5: 78622f7c2cc515cf004c1df79d20c6fa
      size: 3664
    outs:
    - path: models/trained_model.pkl
      hash: md5
      md5: 220b784da3e4c22d80d142fc9f5a7ef8
      size: 21787105
  evaluate:
    cmd: python -m src.models.model_evaluate
    deps:
    - path: data/processed/X_test_scaled.csv
      hash: md5
      md5: 306bd5551feb5a1852b9969b57e740a8
      size: 85437
    - path: data/processed/X_train_scaled.csv
      hash: md5
      md5: 41c0d8ca5d92b44b00b18db4d7d6db9d
      size: 198675
    - path: data/processed/y_test.csv
      hash: md5
      md5: e064ea83fe860a49b9e9cfab1e8ec5a7
      size: 9697
    - path: data/processed/y_train.csv
      hash: md5
      md5: 4f1097f0b9053f0a94904c047541877f
      size: 22710
    - path: models/trained_model.pkl
      hash: md5
      md5: 220b784da3e4c22d80d142fc9f5a7ef8
      size: 21787105
    - path: src/models/model_evaluate.py
      hash: md5
      md5: b2f8235a1f4b45455003872341d55f6d
      size: 3340
    outs:
    - path: data/processed/predictions.csv
      hash: md5
      md5: 844e08e1c2ca85d2ae072371f3722395
      size: 10159
    - path: metrics/scores.json
      hash: md5
      md5: c2b3f4492d799577adfe52066d69e9a3
      size: 175
